
Microsoft Visual Studio Solution File, Format Version 12.00
# Visual Studio Version 17
VisualStudioVersion = 17.6.33829.357
MinimumVisualStudioVersion = 10.0.40219.1
Project("{FAE04EC0-301F-11D3-BF4B-00C04F79EFBC}") = "JWT_TokenExample", "JWT_TokenExample\JWT_TokenExample.csproj", "{4465E996-EACE-4D22-97A5-73125F0F16BB}"
EndProject
Project("{FAE04EC0-301F-11D3-BF4B-00C04F79EFBC}") = "DataAccess.Layer", "DataAccess.Layer\DataAccess.Layer.csproj", "{C0A6511C-40FB-40B2-86C4-1BBE6FA7480C}"
EndProject
Project("{FAE04EC0-301F-11D3-BF4B-00C04F79EFBC}") = "Business.Layer", "Business.Layer\Business.Layer.csproj", "{C6D138A7-1667-4AE6-B152-3F86CB2466B8}"
EndProject
Global
	GlobalSection(SolutionConfigurationPlatforms) = preSolution
		Debug|Any CPU = Debug|Any CPU
		Release|Any CPU = Release|Any CPU
	EndGlobalSection
	GlobalSection(ProjectConfigurationPlatforms) = postSolution
		{4465E996-EACE-4D22-97A5-73125F0F16BB}.Debug|Any CPU.ActiveCfg = Debug|Any CPU
		{4465E996-EACE-4D22-97A5-73125F0F16BB}.Debug|Any CPU.Build.0 = Debug|Any CPU
		{4465E996-EACE-4D22-97A5-73125F0F16BB}.Release|Any CPU.ActiveCfg = Release|Any CPU
		{4465E996-EACE-4D22-97A5-73125F0F16BB}.Release|Any CPU.Build.0 = Release|Any CPU
		{C0A6511C-40FB-40B2-86C4-1BBE6FA7480C}.Debug|Any CPU.ActiveCfg = Debug|Any CPU
		{C0A6511C-40FB-40B2-86C4-1BBE6FA7480C}.Debug|Any CPU.Build.0 = Debug|Any CPU
		{C0A6511C-40FB-40B2-86C4-1BBE6FA7480C}.Release|Any CPU.ActiveCfg = Release|Any CPU
		{C0A6511C-40FB-40B2-86C4-1BBE6FA7480C}.Release|Any CPU.Build.0 = Release|Any CPU
		{C6D138A7-1667-4AE6-B152-3F86CB2466B8}.Debug|Any CPU.ActiveCfg = Debug|Any CPU
		{C6D138A7-1667-4AE6-B152-3F86CB2466B8}.Debug|Any CPU.Build.0 = Debug|Any CPU
		{C6D138A7-1667-4AE6-B152-3F86CB2466B8}.Release|Any CPU.ActiveCfg = Release|Any CPU
		{C6D138A7-1667-4AE6-B152-3F86CB2466B8}.Release|Any CPU.Build.0 = Release|Any CPU
	EndGlobalSection
	GlobalSection(SolutionProperties) = preSolution
		HideSolutionNode = FALSE
	EndGlobalSection
	GlobalSection(ExtensibilityGlobals) = postSolution
		SolutionGuid = {11A073AE-772A-43E3-9C7E-9D24BD36F52D}
	EndGlobalSection
EndGlobal
